name: Bootstrap Lockfile

on:
  push:
    branches:
      - "codex/react-vite-mock-prototype"

permissions:
  contents: write

jobs:
  lockfile:
    if: github.actor != 'github-actions[bot]'
    runs-on: ubuntu-latest
    steps:
      - name: Checkout
        uses: actions/checkout@v4

      - name: Use Node.js 22
        uses: actions/setup-node@v4
        with:
          node-version: 22.x

      - name: Generate and validate lockfile
        run: |
          npm install --package-lock-only
          npm ci
          npm run build

      - name: Commit lockfile
        run: |
          git config user.name "github-actions[bot]"
          git config user.email "41898282+github-actions[bot]@users.noreply.github.com"
          git add package-lock.json
          if git diff --cached --quiet; then
            exit 0
          fi
          git commit -m "Add generated dependency lockfile"
          git push
